
Microsoft Visual Studio Solution File, Format Version 12.00
# Visual Studio Version 16
VisualStudioVersion = 16.0.30804.86
MinimumVisualStudioVersion = 10.0.40219.1
Project("{8BC9CEB8-8B4A-11D0-8D11-00A0C91BC942}") = "Project8", "Project8\Project8.vcxproj", "{D50F1334-6091-46D1-8C1D-85813F221E80}"
EndProject
Global
	GlobalSection(SolutionConfigurationPlatforms) = preSolution
		Debug|x64 = Debug|x64
		Debug|x86 = Debug|x86
		Release|x64 = Release|x64
		Release|x86 = Release|x86
	EndGlobalSection
	GlobalSection(ProjectConfigurationPlatforms) = postSolution
		{D50F1334-6091-46D1-8C1D-85813F221E80}.Debug|x64.ActiveCfg = Debug|x64
		{D50F1334-6091-46D1-8C1D-85813F221E80}.Debug|x64.Build.0 = Debug|x64
		{D50F1334-6091-46D1-8C1D-85813F221E80}.Debug|x86.ActiveCfg = Debug|Win32
		{D50F1334-6091-46D1-8C1D-85813F221E80}.Debug|x86.Build.0 = Debug|Win32
		{D50F1334-6091-46D1-8C1D-85813F221E80}.Release|x64.ActiveCfg = Release|x64
		{D50F1334-6091-46D1-8C1D-85813F221E80}.Release|x64.Build.0 = Release|x64
		{D50F1334-6091-46D1-8C1D-85813F221E80}.Release|x86.ActiveCfg = Release|Win32
		{D50F1334-6091-46D1-8C1D-85813F221E80}.Release|x86.Build.0 = Release|Win32
	EndGlobalSection
	GlobalSection(SolutionProperties) = preSolution
		HideSolutionNode = FALSE
	EndGlobalSection
	GlobalSection(ExtensibilityGlobals) = postSolution
		SolutionGuid = {5796799C-47C5-48A9-ABD8-18BEEFF982D8}
	EndGlobalSection
EndGlobal
